github.com/AneriShah2610/go-cockroachdb-JWT-gomodule-trainingapp v0.0.0-20181126110042-9210618d54d3 h1:clLExjchd8eLkygWDaqw9h/z0f2L1ht4nYyqupIz6pc=
github.com/dgrijalva/jwt-go v3.2.0+incompatible h1:7qlOGliEKZXTDg6OTjfoBKDXWrumCAMpl/TFQ4/5kLM=
github.com/dgrijalva/jwt-go v3.2.0+incompatible/go.mod h1:E3ru+11k8xSBh+hMPgOLZmtrrCbhqsmaPHjLKYnJCaQ=
github.com/go-sql-driver/mysql v1.4.1 h1:g24URVg0OFbNUTx9qqY1IRZ9D9z3iPyi5zKhQZpNwpA=
github.com/go-sql-driver/mysql v1.4.1/go.mod h1:zAC/RDZ24gD3HViQzih4MyKcchzm+sOG5ZlKdlhCg5w=
github.com/gorilla/mux v1.6.2 h1:Pgr17XVTNXAk3q/r4CpKzC5xBM/qW1uVLV+IhRZpIIk=
github.com/gorilla/mux v1.6.2/go.mod h1:1lud6UwP+6orDFRuTfBEV8e9/aOM/c4fVVCaMa2zaAs=
github.com/lib/pq v1.0.0 h1:X5PMW56eZitiTeO7tKzZxFCSpbFZJtkMMooicw2us9A=
github.com/lib/pq v1.0.0/go.mod h1:5WUZQaWbwv1U+lTReE5YruASi9Al49XbQIvNi/34Woo=
github.com/s1s1ty/go-mysql-crud v0.0.0-20181125153456-20b58666ccba h1:6cm0oS81QOR3PiAJGxy9f5jXNiEyzzj9VQFgdfeA/tg=
github.com/s1s1ty/go-mysql-crud v0.0.0-20181125153456-20b58666ccba/go.mod h1:WSdVcxnQ+lj4bf1Jc4Q7Q4xu0gM8MdpJV3qudfA4szw=
